
Microsoft Visual Studio Solution File, Format Version 12.00
# Visual Studio Version 17
VisualStudioVersion = 17.10.35013.160
MinimumVisualStudioVersion = 10.0.40219.1
Project("{FAE04EC0-301F-11D3-BF4B-00C04F79EFBC}") = "rabbitmq", "rabbitmq.csproj", "{CE459F3A-E5F7-4384-A72C-839E6333426C}"
EndProject
Global
	GlobalSection(SolutionConfigurationPlatforms) = preSolution
		Debug|Any CPU = Debug|Any CPU
		Release|Any CPU = Release|Any CPU
	EndGlobalSection
	GlobalSection(ProjectConfigurationPlatforms) = postSolution
		{CE459F3A-E5F7-4384-A72C-839E6333426C}.Debug|Any CPU.ActiveCfg = Debug|Any CPU
		{CE459F3A-E5F7-4384-A72C-839E6333426C}.Debug|Any CPU.Build.0 = Debug|Any CPU
		{CE459F3A-E5F7-4384-A72C-839E6333426C}.Release|Any CPU.ActiveCfg = Release|Any CPU
		{CE459F3A-E5F7-4384-A72C-839E6333426C}.Release|Any CPU.Build.0 = Release|Any CPU
	EndGlobalSection
	GlobalSection(SolutionProperties) = preSolution
		HideSolutionNode = FALSE
	EndGlobalSection
	GlobalSection(ExtensibilityGlobals) = postSolution
		SolutionGuid = {7062FDFC-9A34-4F11-9BB5-5EEBB0D69C29}
	EndGlobalSection
EndGlobal
